<?xml version="1.0" encoding="utf-8"?>
<Project ToolsVersion="4.0" xmlns="http://schemas.microsoft.com/developer/msbuild/2003">
  <ItemGroup>
    <Filter Include="Source Files">
      <UniqueIdentifier>{4FC737F1-C7A5-4376-A066-2A32D752A2FF}</UniqueIdentifier>
      <Extensions>cpp;c;cc;cxx;def;odl;idl;hpj;bat;asm;asmx</Extensions>
    </Filter>
    <Filter Include="Header Files">
      <UniqueIdentifier>{93995380-89BD-4b04-88EB-625FBE52EBFB}</UniqueIdentifier>
      <Extensions>h;hh;hpp;hxx;hm;inl;inc;xsd</Extensions>
    </Filter>
    <Filter Include="Resource Files">
      <UniqueIdentifier>{67DA6AB6-F800-4c08-8B7A-83BB121AAD01}</UniqueIdentifier>
      <Extensions>rc;ico;cur;bmp;dlg;rc2;rct;bin;rgs;gif;jpg;jpeg;jpe;resx;tiff;tif;png;wav;mfcribbon-ms</Extensions>
    </Filter>
    <Filter Include="Header Files\TCP">
      <UniqueIdentifier>{f1391c0b-ce66-453f-9fd4-6456ff714da7}</UniqueIdentifier>
    </Filter>
    <Filter Include="Header Files\TCP\Custom Acceptors">
      <UniqueIdentifier>{114cc290-601a-4e90-89f6-2fb748893d86}</UniqueIdentifier>
    </Filter>
    <Filter Include="Source Files\TCP">
      <UniqueIdentifier>{bb831b8b-b929-4b79-9a69-c7e1a7930a47}</UniqueIdentifier>
    </Filter>
    <Filter Include="Source Files\TCP\Custom Acceptors">
      <UniqueIdentifier>{182acdc2-9c0f-42e8-a1c4-150317cdc2b6}</UniqueIdentifier>
    </Filter>
  </ItemGroup>
  <ItemGroup>
    <ClInclude Include="stdafx.h">
      <Filter>Header Files</Filter>
    </ClInclude>
    <ClInclude Include="targetver.h">
      <Filter>Header Files</Filter>
    </ClInclude>
    <ClInclude Include="socket_acceptor.h">
      <Filter>Header Files\TCP</Filter>
    </ClInclude>
    <ClInclude Include="socket_acceptor_nodes.h">
      <Filter>Header Files\TCP\Custom Acceptors</Filter>
    </ClInclude>
    <ClInclude Include="socket_acceptor_auto_clean_up.h">
      <Filter>Header Files\TCP\Custom Acceptors</Filter>
    </ClInclude>
    <ClInclude Include="socket_acceptor_requests.h">
      <Filter>Header Files\TCP\Custom Acceptors</Filter>
    </ClInclude>
    <ClInclude Include="socket_acceptor_requests_with_ascii_header.h">
      <Filter>Header Files\TCP\Custom Acceptors</Filter>
    </ClInclude>
    <ClInclude Include="socket_acceptor_manage_io_service.h">
      <Filter>Header Files\TCP\Custom Acceptors</Filter>
    </ClInclude>
  </ItemGroup>
  <ItemGroup>
    <ClCompile Include="stdafx.cpp">
      <Filter>Source Files</Filter>
    </ClCompile>
    <ClCompile Include="LoadBalancer.cpp">
      <Filter>Source Files</Filter>
    </ClCompile>
    <ClCompile Include="socket_acceptor_requests_with_ascii_header.cpp">
      <Filter>Source Files\TCP\Custom Acceptors</Filter>
    </ClCompile>
    <ClCompile Include="socket_acceptor_requests.cpp">
      <Filter>Source Files\TCP\Custom Acceptors</Filter>
    </ClCompile>
    <ClCompile Include="socket_acceptor_nodes.cpp">
      <Filter>Source Files\TCP\Custom Acceptors</Filter>
    </ClCompile>
    <ClCompile Include="socket_acceptor_manage_io_service.cpp">
      <Filter>Source Files\TCP\Custom Acceptors</Filter>
    </ClCompile>
    <ClCompile Include="socket_acceptor.cpp">
      <Filter>Source Files\TCP</Filter>
    </ClCompile>
  </ItemGroup>
</Project>